
Microsoft Visual Studio Solution File, Format Version 12.00
# Visual Studio Version 17
VisualStudioVersion = 17.12.35506.116
MinimumVisualStudioVersion = 10.0.40219.1
Project("{FAE04EC0-301F-11D3-BF4B-00C04F79EFBC}") = "Example.Api", "Example.Api\Example.Api.csproj", "{5CAA5CEA-0A4D-45E5-8429-7D3D7FD7724C}"
EndProject
Project("{FAE04EC0-301F-11D3-BF4B-00C04F79EFBC}") = "Example.Domain", "Example.Domain\Example.Domain.csproj", "{907179C6-225D-4515-86A0-C2D362142B01}"
EndProject
Project("{FAE04EC0-301F-11D3-BF4B-00C04F79EFBC}") = "Example.Infrastructure", "Example.Infrastructure\Example.Infrastructure.csproj", "{B2993A5D-9C97-482B-99FE-5D2AB2C0321C}"
EndProject
Project("{FAE04EC0-301F-11D3-BF4B-00C04F79EFBC}") = "Example.Migrations", "Example.Migrations\Example.Migrations.csproj", "{82136DA0-31F0-4D15-B0D3-BDB9D5830675}"
EndProject
Project("{2150E333-8FDC-42A3-9474-1A3956D46DE8}") = "Solution Items", "Solution Items", "{A62A5727-A557-4E99-A007-9766EC6C8D72}"
	ProjectSection(SolutionItems) = preProject
		.editorconfig = .editorconfig
		Directory.Build.props = Directory.Build.props
		Directory.Packages.props = Directory.Packages.props
	EndProjectSection
EndProject
Project("{FAE04EC0-301F-11D3-BF4B-00C04F79EFBC}") = "Example.UnitTests", "Example.Tests\Example.UnitTests\Example.UnitTests\Example.UnitTests.csproj", "{FB6D671C-FA93-4E8D-A446-68AB0E411E78}"
EndProject
Project("{FAE04EC0-301F-11D3-BF4B-00C04F79EFBC}") = "Example.IntegrationTests", "Example.Tests\Example.IntegrationTests\Example.IntegrationTests.csproj", "{2221D4E2-FA96-4375-AEAF-F77AF1456DC3}"
EndProject
Project("{E53339B2-1760-4266-BCC7-CA923CBCF16C}") = "docker-compose", "docker-compose.dcproj", "{1597D6FD-D1AD-4829-87BE-71F6623628EF}"
EndProject
Global
	GlobalSection(SolutionConfigurationPlatforms) = preSolution
		Debug|Any CPU = Debug|Any CPU
		Release|Any CPU = Release|Any CPU
	EndGlobalSection
	GlobalSection(ProjectConfigurationPlatforms) = postSolution
		{5CAA5CEA-0A4D-45E5-8429-7D3D7FD7724C}.Debug|Any CPU.ActiveCfg = Debug|Any CPU
		{5CAA5CEA-0A4D-45E5-8429-7D3D7FD7724C}.Debug|Any CPU.Build.0 = Debug|Any CPU
		{5CAA5CEA-0A4D-45E5-8429-7D3D7FD7724C}.Release|Any CPU.ActiveCfg = Release|Any CPU
		{5CAA5CEA-0A4D-45E5-8429-7D3D7FD7724C}.Release|Any CPU.Build.0 = Release|Any CPU
		{907179C6-225D-4515-86A0-C2D362142B01}.Debug|Any CPU.ActiveCfg = Debug|Any CPU
		{907179C6-225D-4515-86A0-C2D362142B01}.Debug|Any CPU.Build.0 = Debug|Any CPU
		{907179C6-225D-4515-86A0-C2D362142B01}.Release|Any CPU.ActiveCfg = Release|Any CPU
		{907179C6-225D-4515-86A0-C2D362142B01}.Release|Any CPU.Build.0 = Release|Any CPU
		{B2993A5D-9C97-482B-99FE-5D2AB2C0321C}.Debug|Any CPU.ActiveCfg = Debug|Any CPU
		{B2993A5D-9C97-482B-99FE-5D2AB2C0321C}.Debug|Any CPU.Build.0 = Debug|Any CPU
		{B2993A5D-9C97-482B-99FE-5D2AB2C0321C}.Release|Any CPU.ActiveCfg = Release|Any CPU
		{B2993A5D-9C97-482B-99FE-5D2AB2C0321C}.Release|Any CPU.Build.0 = Release|Any CPU
		{82136DA0-31F0-4D15-B0D3-BDB9D5830675}.Debug|Any CPU.ActiveCfg = Debug|Any CPU
		{82136DA0-31F0-4D15-B0D3-BDB9D5830675}.Debug|Any CPU.Build.0 = Debug|Any CPU
		{82136DA0-31F0-4D15-B0D3-BDB9D5830675}.Release|Any CPU.ActiveCfg = Release|Any CPU
		{82136DA0-31F0-4D15-B0D3-BDB9D5830675}.Release|Any CPU.Build.0 = Release|Any CPU
		{FB6D671C-FA93-4E8D-A446-68AB0E411E78}.Debug|Any CPU.ActiveCfg = Debug|Any CPU
		{FB6D671C-FA93-4E8D-A446-68AB0E411E78}.Debug|Any CPU.Build.0 = Debug|Any CPU
		{FB6D671C-FA93-4E8D-A446-68AB0E411E78}.Release|Any CPU.ActiveCfg = Release|Any CPU
		{FB6D671C-FA93-4E8D-A446-68AB0E411E78}.Release|Any CPU.Build.0 = Release|Any CPU
		{2221D4E2-FA96-4375-AEAF-F77AF1456DC3}.Debug|Any CPU.ActiveCfg = Debug|Any CPU
		{2221D4E2-FA96-4375-AEAF-F77AF1456DC3}.Debug|Any CPU.Build.0 = Debug|Any CPU
		{2221D4E2-FA96-4375-AEAF-F77AF1456DC3}.Release|Any CPU.ActiveCfg = Release|Any CPU
		{2221D4E2-FA96-4375-AEAF-F77AF1456DC3}.Release|Any CPU.Build.0 = Release|Any CPU
		{1597D6FD-D1AD-4829-87BE-71F6623628EF}.Debug|Any CPU.ActiveCfg = Debug|Any CPU
		{1597D6FD-D1AD-4829-87BE-71F6623628EF}.Debug|Any CPU.Build.0 = Debug|Any CPU
		{1597D6FD-D1AD-4829-87BE-71F6623628EF}.Release|Any CPU.ActiveCfg = Release|Any CPU
		{1597D6FD-D1AD-4829-87BE-71F6623628EF}.Release|Any CPU.Build.0 = Release|Any CPU
	EndGlobalSection
	GlobalSection(SolutionProperties) = preSolution
		HideSolutionNode = FALSE
	EndGlobalSection
EndGlobal
